
Microsoft Visual Studio Solution File, Format Version 12.00
# Visual Studio Version 16
VisualStudioVersion = 16.0.31624.102
MinimumVisualStudioVersion = 10.0.40219.1
Project("{FAE04EC0-301F-11D3-BF4B-00C04F79EFBC}") = "Z_Book", "Z_Book.csproj", "{E0760BD2-F2A2-4431-8072-CB015D61CE75}"
EndProject
Project("{54435603-DBB4-11D2-8724-00A0C9A8B90C}") = "Setup", "..\Setup\Setup.vdproj", "{9690108B-8C9A-4B56-B176-CA141FEA7511}"
EndProject
Global
	GlobalSection(SolutionConfigurationPlatforms) = preSolution
		Debug|Any CPU = Debug|Any CPU
		Release|Any CPU = Release|Any CPU
	EndGlobalSection
	GlobalSection(ProjectConfigurationPlatforms) = postSolution
		{E0760BD2-F2A2-4431-8072-CB015D61CE75}.Debug|Any CPU.ActiveCfg = Debug|Any CPU
		{E0760BD2-F2A2-4431-8072-CB015D61CE75}.Debug|Any CPU.Build.0 = Debug|Any CPU
		{E0760BD2-F2A2-4431-8072-CB015D61CE75}.Release|Any CPU.ActiveCfg = Release|Any CPU
		{E0760BD2-F2A2-4431-8072-CB015D61CE75}.Release|Any CPU.Build.0 = Release|Any CPU
		{9690108B-8C9A-4B56-B176-CA141FEA7511}.Debug|Any CPU.ActiveCfg = Debug
		{9690108B-8C9A-4B56-B176-CA141FEA7511}.Release|Any CPU.ActiveCfg = Release
	EndGlobalSection
	GlobalSection(SolutionProperties) = preSolution
		HideSolutionNode = FALSE
	EndGlobalSection
	GlobalSection(ExtensibilityGlobals) = postSolution
		SolutionGuid = {71413547-B529-4F39-9DBD-82DBC4FBE785}
	EndGlobalSection
EndGlobal
